
Microsoft Visual Studio Solution File, Format Version 12.00
# Visual Studio Version 17
VisualStudioVersion = 17.14.37111.16 d17.14
MinimumVisualStudioVersion = 10.0.40219.1
Project("{FAE04EC0-301F-11D3-BF4B-00C04F79EFBC}") = "FinancialAccounting", "FinancialAccounting\FinancialAccounting.csproj", "{71EE71E6-FB2D-4E6C-899E-227A6D88613B}"
EndProject
Global
	GlobalSection(SolutionConfigurationPlatforms) = preSolution
		Debug|Any CPU = Debug|Any CPU
		Release|Any CPU = Release|Any CPU
	EndGlobalSection
	GlobalSection(ProjectConfigurationPlatforms) = postSolution
		{71EE71E6-FB2D-4E6C-899E-227A6D88613B}.Debug|Any CPU.ActiveCfg = Debug|Any CPU
		{71EE71E6-FB2D-4E6C-899E-227A6D88613B}.Debug|Any CPU.Build.0 = Debug|Any CPU
		{71EE71E6-FB2D-4E6C-899E-227A6D88613B}.Release|Any CPU.ActiveCfg = Release|Any CPU
		{71EE71E6-FB2D-4E6C-899E-227A6D88613B}.Release|Any CPU.Build.0 = Release|Any CPU
	EndGlobalSection
	GlobalSection(SolutionProperties) = preSolution
		HideSolutionNode = FALSE
	EndGlobalSection
	GlobalSection(ExtensibilityGlobals) = postSolution
		SolutionGuid = {9CAD6E70-E80F-4D72-A433-CDE58B951409}
	EndGlobalSection
EndGlobal
